
Microsoft Visual Studio Solution File, Format Version 12.00
# Visual Studio Version 17
VisualStudioVersion = 17.9.34728.123
MinimumVisualStudioVersion = 10.0.40219.1
Project("{FAE04EC0-301F-11D3-BF4B-00C04F79EFBC}") = "HouseRentingSystem", "HouseRentingSystem\HouseRentingSystem.csproj", "{EA8745A6-6EA3-4928-9C6B-B57A9C972C84}"
EndProject
Global
	GlobalSection(SolutionConfigurationPlatforms) = preSolution
		Debug|Any CPU = Debug|Any CPU
		Release|Any CPU = Release|Any CPU
	EndGlobalSection
	GlobalSection(ProjectConfigurationPlatforms) = postSolution
		{EA8745A6-6EA3-4928-9C6B-B57A9C972C84}.Debug|Any CPU.ActiveCfg = Debug|Any CPU
		{EA8745A6-6EA3-4928-9C6B-B57A9C972C84}.Debug|Any CPU.Build.0 = Debug|Any CPU
		{EA8745A6-6EA3-4928-9C6B-B57A9C972C84}.Release|Any CPU.ActiveCfg = Release|Any CPU
		{EA8745A6-6EA3-4928-9C6B-B57A9C972C84}.Release|Any CPU.Build.0 = Release|Any CPU
	EndGlobalSection
	GlobalSection(SolutionProperties) = preSolution
		HideSolutionNode = FALSE
	EndGlobalSection
	GlobalSection(ExtensibilityGlobals) = postSolution
		SolutionGuid = {362C1103-3B76-4E2C-9267-6E674483E94A}
	EndGlobalSection
EndGlobal
